
Microsoft Visual Studio Solution File, Format Version 12.00
# Visual Studio 15
VisualStudioVersion = 15.0.28307.438
MinimumVisualStudioVersion = 10.0.40219.1
Project("{8BC9CEB8-8B4A-11D0-8D11-00A0C91BC942}") = "SW_5650", "SW_5650\SW_5650.vcxproj", "{C65D780F-DBBF-436B-8E23-DE01B28C3897}"
EndProject
Global
	GlobalSection(SolutionConfigurationPlatforms) = preSolution
		Debug|x64 = Debug|x64
		Debug|x86 = Debug|x86
		Release|x64 = Release|x64
		Release|x86 = Release|x86
	EndGlobalSection
	GlobalSection(ProjectConfigurationPlatforms) = postSolution
		{C65D780F-DBBF-436B-8E23-DE01B28C3897}.Debug|x64.ActiveCfg = Debug|x64
		{C65D780F-DBBF-436B-8E23-DE01B28C3897}.Debug|x64.Build.0 = Debug|x64
		{C65D780F-DBBF-436B-8E23-DE01B28C3897}.Debug|x86.ActiveCfg = Debug|Win32
		{C65D780F-DBBF-436B-8E23-DE01B28C3897}.Debug|x86.Build.0 = Debug|Win32
		{C65D780F-DBBF-436B-8E23-DE01B28C3897}.Release|x64.ActiveCfg = Release|x64
		{C65D780F-DBBF-436B-8E23-DE01B28C3897}.Release|x64.Build.0 = Release|x64
		{C65D780F-DBBF-436B-8E23-DE01B28C3897}.Release|x86.ActiveCfg = Release|Win32
		{C65D780F-DBBF-436B-8E23-DE01B28C3897}.Release|x86.Build.0 = Release|Win32
	EndGlobalSection
	GlobalSection(SolutionProperties) = preSolution
		HideSolutionNode = FALSE
	EndGlobalSection
	GlobalSection(ExtensibilityGlobals) = postSolution
		SolutionGuid = {366B9540-BFD2-4321-B61F-6E9BBB2C4078}
	EndGlobalSection
EndGlobal
